
Microsoft Visual Studio Solution File, Format Version 12.00
# Visual Studio Version 17
VisualStudioVersion = 17.9.34714.143
MinimumVisualStudioVersion = 10.0.40219.1
Project("{FAE04EC0-301F-11D3-BF4B-00C04F79EFBC}") = "Завд1", "Завд1\Завд1.csproj", "{E093283C-F1B6-4A19-9722-CA3B5987040E}"
EndProject
Global
	GlobalSection(SolutionConfigurationPlatforms) = preSolution
		Debug|Any CPU = Debug|Any CPU
		Release|Any CPU = Release|Any CPU
	EndGlobalSection
	GlobalSection(ProjectConfigurationPlatforms) = postSolution
		{E093283C-F1B6-4A19-9722-CA3B5987040E}.Debug|Any CPU.ActiveCfg = Debug|Any CPU
		{E093283C-F1B6-4A19-9722-CA3B5987040E}.Debug|Any CPU.Build.0 = Debug|Any CPU
		{E093283C-F1B6-4A19-9722-CA3B5987040E}.Release|Any CPU.ActiveCfg = Release|Any CPU
		{E093283C-F1B6-4A19-9722-CA3B5987040E}.Release|Any CPU.Build.0 = Release|Any CPU
	EndGlobalSection
	GlobalSection(SolutionProperties) = preSolution
		HideSolutionNode = FALSE
	EndGlobalSection
	GlobalSection(ExtensibilityGlobals) = postSolution
		SolutionGuid = {3206E37A-25B6-4AD3-9AE1-D88595DA99D2}
	EndGlobalSection
EndGlobal
